
Microsoft Visual Studio Solution File, Format Version 12.00
# Visual Studio Version 17
VisualStudioVersion = 17.2.32616.157
MinimumVisualStudioVersion = 10.0.40219.1
Project("{FAE04EC0-301F-11D3-BF4B-00C04F79EFBC}") = "PersonManager", "PersonManager\PersonManager.csproj", "{6F411584-DF90-463C-8D2C-D3F8FEF0BB19}"
EndProject
Global
	GlobalSection(SolutionConfigurationPlatforms) = preSolution
		Debug|Any CPU = Debug|Any CPU
		Release|Any CPU = Release|Any CPU
	EndGlobalSection
	GlobalSection(ProjectConfigurationPlatforms) = postSolution
		{6F411584-DF90-463C-8D2C-D3F8FEF0BB19}.Debug|Any CPU.ActiveCfg = Debug|Any CPU
		{6F411584-DF90-463C-8D2C-D3F8FEF0BB19}.Debug|Any CPU.Build.0 = Debug|Any CPU
		{6F411584-DF90-463C-8D2C-D3F8FEF0BB19}.Release|Any CPU.ActiveCfg = Release|Any CPU
		{6F411584-DF90-463C-8D2C-D3F8FEF0BB19}.Release|Any CPU.Build.0 = Release|Any CPU
	EndGlobalSection
	GlobalSection(SolutionProperties) = preSolution
		HideSolutionNode = FALSE
	EndGlobalSection
	GlobalSection(ExtensibilityGlobals) = postSolution
		SolutionGuid = {99036709-80F2-4163-9032-DA4CBEEBED1E}
	EndGlobalSection
EndGlobal
